
Microsoft Visual Studio Solution File, Format Version 12.00
# Visual Studio 15
VisualStudioVersion = 15.0.28307.572
MinimumVisualStudioVersion = 10.0.40219.1
Project("{FAE04EC0-301F-11D3-BF4B-00C04F79EFBC}") = "AnadoluRental-WebApi", "AnadoluRental-WebApi\AnadoluRental-WebApi.csproj", "{994C6033-2AF8-4FE7-9419-7FC9BDE9625F}"
EndProject
Global
	GlobalSection(SolutionConfigurationPlatforms) = preSolution
		Debug|Any CPU = Debug|Any CPU
		Release|Any CPU = Release|Any CPU
	EndGlobalSection
	GlobalSection(ProjectConfigurationPlatforms) = postSolution
		{994C6033-2AF8-4FE7-9419-7FC9BDE9625F}.Debug|Any CPU.ActiveCfg = Debug|Any CPU
		{994C6033-2AF8-4FE7-9419-7FC9BDE9625F}.Debug|Any CPU.Build.0 = Debug|Any CPU
		{994C6033-2AF8-4FE7-9419-7FC9BDE9625F}.Release|Any CPU.ActiveCfg = Release|Any CPU
		{994C6033-2AF8-4FE7-9419-7FC9BDE9625F}.Release|Any CPU.Build.0 = Release|Any CPU
	EndGlobalSection
	GlobalSection(SolutionProperties) = preSolution
		HideSolutionNode = FALSE
	EndGlobalSection
	GlobalSection(ExtensibilityGlobals) = postSolution
		SolutionGuid = {1884AA67-3FB5-4DB0-981D-5EF9560B0D9E}
	EndGlobalSection
EndGlobal
