
Microsoft Visual Studio Solution File, Format Version 12.00
# Visual Studio 15
VisualStudioVersion = 15.0.28307.489
MinimumVisualStudioVersion = 10.0.40219.1
Project("{FAE04EC0-301F-11D3-BF4B-00C04F79EFBC}") = "AnadoluRental-WebService", "AnadoluRental-WebService\AnadoluRental-WebService.csproj", "{A9F8E902-511C-44B7-9787-2B0838FD04E7}"
EndProject
Global
	GlobalSection(SolutionConfigurationPlatforms) = preSolution
		Debug|Any CPU = Debug|Any CPU
		Release|Any CPU = Release|Any CPU
	EndGlobalSection
	GlobalSection(ProjectConfigurationPlatforms) = postSolution
		{A9F8E902-511C-44B7-9787-2B0838FD04E7}.Debug|Any CPU.ActiveCfg = Debug|Any CPU
		{A9F8E902-511C-44B7-9787-2B0838FD04E7}.Debug|Any CPU.Build.0 = Debug|Any CPU
		{A9F8E902-511C-44B7-9787-2B0838FD04E7}.Release|Any CPU.ActiveCfg = Release|Any CPU
		{A9F8E902-511C-44B7-9787-2B0838FD04E7}.Release|Any CPU.Build.0 = Release|Any CPU
	EndGlobalSection
	GlobalSection(SolutionProperties) = preSolution
		HideSolutionNode = FALSE
	EndGlobalSection
	GlobalSection(ExtensibilityGlobals) = postSolution
		SolutionGuid = {48C55393-E0C3-480C-9DAE-058F5DDB4BFF}
	EndGlobalSection
EndGlobal
